
Microsoft Visual Studio Solution File, Format Version 12.00
# Visual Studio Version 17
VisualStudioVersion = 17.0.31903.59
MinimumVisualStudioVersion = 10.0.40219.1
Project("{2150E333-8FDC-42A3-9474-1A3956D46DE8}") = "src", "src", "{81170E1B-334F-4306-AA44-83C6931D0874}"
EndProject
Project("{FAE04EC0-301F-11D3-BF4B-00C04F79EFBC}") = "MySpot.Api", "src\MySpot.Api\MySpot.Api.csproj", "{77A7BF44-4138-4A71-AA49-DF17D307C26F}"
EndProject
Project("{FAE04EC0-301F-11D3-BF4B-00C04F79EFBC}") = "MySpot.Tests.E2E", "tests\MySpot.Tests.E2E\MySpot.Tests.E2E.csproj", "{29329B37-91CC-4E48-80FC-093B6EFB20C9}"
EndProject
Project("{2150E333-8FDC-42A3-9474-1A3956D46DE8}") = "tests", "tests", "{A6DE1813-0504-4AEB-B039-0887E1C9E5CC}"
EndProject
Project("{FAE04EC0-301F-11D3-BF4B-00C04F79EFBC}") = "MySpot.Tests.Unit", "tests\MySpot.Tests.Unit\MySpot.Tests.Unit.csproj", "{25C5FA67-6B85-45BE-A736-92489BF76230}"
EndProject
Project("{FAE04EC0-301F-11D3-BF4B-00C04F79EFBC}") = "MySpot.Core", "src\MySpot.Core\MySpot.Core.csproj", "{52CD3373-2E20-450A-BF7C-C778E7F198B7}"
EndProject
Project("{FAE04EC0-301F-11D3-BF4B-00C04F79EFBC}") = "MySpot.Application", "src\MySpot.Application\MySpot.Application.csproj", "{DB0E6A3A-402B-42BE-8C27-3379A7FCE7D9}"
EndProject
Project("{FAE04EC0-301F-11D3-BF4B-00C04F79EFBC}") = "MySpot.Infrastructure", "src\MySpot.Infrastructure\MySpot.Infrastructure.csproj", "{9B7077ED-C021-4899-9FBD-2263B989C568}"
EndProject
Global
	GlobalSection(SolutionConfigurationPlatforms) = preSolution
		Debug|Any CPU = Debug|Any CPU
		Release|Any CPU = Release|Any CPU
	EndGlobalSection
	GlobalSection(SolutionProperties) = preSolution
		HideSolutionNode = FALSE
	EndGlobalSection
	GlobalSection(ProjectConfigurationPlatforms) = postSolution
		{77A7BF44-4138-4A71-AA49-DF17D307C26F}.Debug|Any CPU.ActiveCfg = Debug|Any CPU
		{77A7BF44-4138-4A71-AA49-DF17D307C26F}.Debug|Any CPU.Build.0 = Debug|Any CPU
		{77A7BF44-4138-4A71-AA49-DF17D307C26F}.Release|Any CPU.ActiveCfg = Release|Any CPU
		{77A7BF44-4138-4A71-AA49-DF17D307C26F}.Release|Any CPU.Build.0 = Release|Any CPU
		{29329B37-91CC-4E48-80FC-093B6EFB20C9}.Debug|Any CPU.ActiveCfg = Debug|Any CPU
		{29329B37-91CC-4E48-80FC-093B6EFB20C9}.Debug|Any CPU.Build.0 = Debug|Any CPU
		{29329B37-91CC-4E48-80FC-093B6EFB20C9}.Release|Any CPU.ActiveCfg = Release|Any CPU
		{29329B37-91CC-4E48-80FC-093B6EFB20C9}.Release|Any CPU.Build.0 = Release|Any CPU
		{25C5FA67-6B85-45BE-A736-92489BF76230}.Debug|Any CPU.ActiveCfg = Debug|Any CPU
		{25C5FA67-6B85-45BE-A736-92489BF76230}.Debug|Any CPU.Build.0 = Debug|Any CPU
		{25C5FA67-6B85-45BE-A736-92489BF76230}.Release|Any CPU.ActiveCfg = Release|Any CPU
		{25C5FA67-6B85-45BE-A736-92489BF76230}.Release|Any CPU.Build.0 = Release|Any CPU
		{52CD3373-2E20-450A-BF7C-C778E7F198B7}.Debug|Any CPU.ActiveCfg = Debug|Any CPU
		{52CD3373-2E20-450A-BF7C-C778E7F198B7}.Debug|Any CPU.Build.0 = Debug|Any CPU
		{52CD3373-2E20-450A-BF7C-C778E7F198B7}.Release|Any CPU.ActiveCfg = Release|Any CPU
		{52CD3373-2E20-450A-BF7C-C778E7F198B7}.Release|Any CPU.Build.0 = Release|Any CPU
		{DB0E6A3A-402B-42BE-8C27-3379A7FCE7D9}.Debug|Any CPU.ActiveCfg = Debug|Any CPU
		{DB0E6A3A-402B-42BE-8C27-3379A7FCE7D9}.Debug|Any CPU.Build.0 = Debug|Any CPU
		{DB0E6A3A-402B-42BE-8C27-3379A7FCE7D9}.Release|Any CPU.ActiveCfg = Release|Any CPU
		{DB0E6A3A-402B-42BE-8C27-3379A7FCE7D9}.Release|Any CPU.Build.0 = Release|Any CPU
		{9B7077ED-C021-4899-9FBD-2263B989C568}.Debug|Any CPU.ActiveCfg = Debug|Any CPU
		{9B7077ED-C021-4899-9FBD-2263B989C568}.Debug|Any CPU.Build.0 = Debug|Any CPU
		{9B7077ED-C021-4899-9FBD-2263B989C568}.Release|Any CPU.ActiveCfg = Release|Any CPU
		{9B7077ED-C021-4899-9FBD-2263B989C568}.Release|Any CPU.Build.0 = Release|Any CPU
	EndGlobalSection
	GlobalSection(NestedProjects) = preSolution
		{77A7BF44-4138-4A71-AA49-DF17D307C26F} = {81170E1B-334F-4306-AA44-83C6931D0874}
		{29329B37-91CC-4E48-80FC-093B6EFB20C9} = {A6DE1813-0504-4AEB-B039-0887E1C9E5CC}
		{25C5FA67-6B85-45BE-A736-92489BF76230} = {A6DE1813-0504-4AEB-B039-0887E1C9E5CC}
		{52CD3373-2E20-450A-BF7C-C778E7F198B7} = {81170E1B-334F-4306-AA44-83C6931D0874}
		{DB0E6A3A-402B-42BE-8C27-3379A7FCE7D9} = {81170E1B-334F-4306-AA44-83C6931D0874}
		{9B7077ED-C021-4899-9FBD-2263B989C568} = {81170E1B-334F-4306-AA44-83C6931D0874}
	EndGlobalSection
EndGlobal
